
Microsoft Visual Studio Solution File, Format Version 12.00
# Visual Studio 15
VisualStudioVersion = 15.0.28010.2050
MinimumVisualStudioVersion = 10.0.40219.1
Project("{FAE04EC0-301F-11D3-BF4B-00C04F79EFBC}") = "Volvo", "Volvo\Volvo.csproj", "{C4150282-1DF4-42E1-91F3-70C82FB91389}"
EndProject
Project("{FAE04EC0-301F-11D3-BF4B-00C04F79EFBC}") = "TestApplication", "TestApplication\TestApplication.csproj", "{E6B8E0B2-5683-4A5F-8283-A6453DC66B96}"
EndProject
Global
	GlobalSection(SolutionConfigurationPlatforms) = preSolution
		Debug|Any CPU = Debug|Any CPU
		Release|Any CPU = Release|Any CPU
	EndGlobalSection
	GlobalSection(ProjectConfigurationPlatforms) = postSolution
		{C4150282-1DF4-42E1-91F3-70C82FB91389}.Debug|Any CPU.ActiveCfg = Debug|Any CPU
		{C4150282-1DF4-42E1-91F3-70C82FB91389}.Debug|Any CPU.Build.0 = Debug|Any CPU
		{C4150282-1DF4-42E1-91F3-70C82FB91389}.Release|Any CPU.ActiveCfg = Release|Any CPU
		{C4150282-1DF4-42E1-91F3-70C82FB91389}.Release|Any CPU.Build.0 = Release|Any CPU
		{E6B8E0B2-5683-4A5F-8283-A6453DC66B96}.Debug|Any CPU.ActiveCfg = Debug|Any CPU
		{E6B8E0B2-5683-4A5F-8283-A6453DC66B96}.Debug|Any CPU.Build.0 = Debug|Any CPU
		{E6B8E0B2-5683-4A5F-8283-A6453DC66B96}.Release|Any CPU.ActiveCfg = Release|Any CPU
		{E6B8E0B2-5683-4A5F-8283-A6453DC66B96}.Release|Any CPU.Build.0 = Release|Any CPU
	EndGlobalSection
	GlobalSection(SolutionProperties) = preSolution
		HideSolutionNode = FALSE
	EndGlobalSection
	GlobalSection(ExtensibilityGlobals) = postSolution
		SolutionGuid = {B2991BEB-7402-4ADC-BD2F-F2587D7B5655}
	EndGlobalSection
EndGlobal
